
Microsoft Visual Studio Solution File, Format Version 12.00
# Visual Studio Version 16
VisualStudioVersion = 16.0.29926.136
MinimumVisualStudioVersion = 10.0.40219.1
Project("{FAE04EC0-301F-11D3-BF4B-00C04F79EFBC}") = "FTP_Agent", "FTP_Agent\FTP_Agent.csproj", "{1D44EA52-8C08-4E54-A2E0-3249AE025918}"
EndProject
Global
	GlobalSection(SolutionConfigurationPlatforms) = preSolution
		Debug|Any CPU = Debug|Any CPU
		Release|Any CPU = Release|Any CPU
	EndGlobalSection
	GlobalSection(ProjectConfigurationPlatforms) = postSolution
		{1D44EA52-8C08-4E54-A2E0-3249AE025918}.Debug|Any CPU.ActiveCfg = Debug|Any CPU
		{1D44EA52-8C08-4E54-A2E0-3249AE025918}.Debug|Any CPU.Build.0 = Debug|Any CPU
		{1D44EA52-8C08-4E54-A2E0-3249AE025918}.Release|Any CPU.ActiveCfg = Release|Any CPU
		{1D44EA52-8C08-4E54-A2E0-3249AE025918}.Release|Any CPU.Build.0 = Release|Any CPU
	EndGlobalSection
	GlobalSection(SolutionProperties) = preSolution
		HideSolutionNode = FALSE
	EndGlobalSection
	GlobalSection(ExtensibilityGlobals) = postSolution
		SolutionGuid = {5DAD61D8-D199-42E3-BE8E-3B47C0EB9A2A}
	EndGlobalSection
EndGlobal
